// !$*UTF8*$!
{
	archiveVersion = 1;
	classes = {
	};
	objectVersion = 46;
	objects = {

/* Begin PBXBuildFile section */
		24B6C58115B9CB6700022A4F /* UIKit.framework in Frameworks */ = {isa = PBXBuildFile; fileRef = 24B6C58015B9CB6700022A4F /* UIKit.framework */; };
		24B6C58315B9CB6700022A4F /* Foundation.framework in Frameworks */ = {isa = PBXBuildFile; fileRef = 24B6C58215B9CB6700022A4F /* Foundation.framework */; };
		24B6C58515B9CB6700022A4F /* CoreGraphics.framework in Frameworks */ = {isa = PBXBuildFile; fileRef = 24B6C58415B9CB6700022A4F /* CoreGraphics.framework */; };
		24B6C58B15B9CB6700022A4F /* InfoPlist.strings in Resources */ = {isa = PBXBuildFile; fileRef = 24B6C58915B9CB6700022A4F /* InfoPlist.strings */; };
		24B6C58D15B9CB6700022A4F /* main.m in Sources */ = {isa = PBXBuildFile; fileRef = 24B6C58C15B9CB6700022A4F /* main.m */; };
		24B6C59115B9CB6700022A4F /* AppDelegate.m in Sources */ = {isa = PBXBuildFile; fileRef = 24B6C59015B9CB6700022A4F /* AppDelegate.m */; };
		24B6C59415B9CB6700022A4F /* MainStoryboard.storyboard in Resources */ = {isa = PBXBuildFile; fileRef = 24B6C59215B9CB6700022A4F /* MainStoryboard.storyboard */; };
		24B6C59715B9CB6700022A4F /* ViewController.m in Sources */ = {isa = PBXBuildFile; fileRef = 24B6C59615B9CB6700022A4F /* ViewController.m */; };
		24B6C59E15B9D11A00022A4F /* piitri-logo-iPad.png in Resources */ = {isa = PBXBuildFile; fileRef = 24B6C59D15B9D11A00022A4F /* piitri-logo-iPad.png */; };
		24B6C5A215B9D5C000022A4F /* piitri-logo-iPad@2x.png in Resources */ = {isa = PBXBuildFile; fileRef = 24B6C5A115B9D5C000022A4F /* piitri-logo-iPad@2x.png */; };
		24B6C5B715B9D9F200022A4F /* FBDialog.bundle in Resources */ = {isa = PBXBuildFile; fileRef = 24B6C5AA15B9D9F200022A4F /* FBDialog.bundle */; };
		24B6C5B815B9D9F200022A4F /* libfacebook_ios_sdk.a in Frameworks */ = {isa = PBXBuildFile; fileRef = 24B6C5B015B9D9F200022A4F /* libfacebook_ios_sdk.a */; };
		24B6C5C615B9F71200022A4F /* Facebook+Singleton.m in Sources */ = {isa = PBXBuildFile; fileRef = 24B6C5C515B9F71200022A4F /* Facebook+Singleton.m */; };
		24B6C5CF15BA07E200022A4F /* btn-fbconnect-active@2x.png in Resources */ = {isa = PBXBuildFile; fileRef = 24B6C5C815BA07E200022A4F /* btn-fbconnect-active@2x.png */; };
		24B6C5D015BA07E200022A4F /* btn-fbconnect-inactive@2x.png in Resources */ = {isa = PBXBuildFile; fileRef = 24B6C5C915BA07E200022A4F /* btn-fbconnect-inactive@2x.png */; };
		24B6C5D115BA07E200022A4F /* fbconnect-dialog@2x.png in Resources */ = {isa = PBXBuildFile; fileRef = 24B6C5CA15BA07E200022A4F /* fbconnect-dialog@2x.png */; };
		24B6C5D215BA07E200022A4F /* light-box-black@2x.png in Resources */ = {isa = PBXBuildFile; fileRef = 24B6C5CB15BA07E200022A4F /* light-box-black@2x.png */; };
		24B6C5D315BA07E200022A4F /* log-in-bg@2x.png in Resources */ = {isa = PBXBuildFile; fileRef = 24B6C5CC15BA07E200022A4F /* log-in-bg@2x.png */; };
		24B6C5D415BA07E200022A4F /* piitri-logo-lg@2x.png in Resources */ = {isa = PBXBuildFile; fileRef = 24B6C5CD15BA07E200022A4F /* piitri-logo-lg@2x.png */; };
		24B6C5D515BA07E200022A4F /* top-header-curve@2x.png in Resources */ = {isa = PBXBuildFile; fileRef = 24B6C5CE15BA07E200022A4F /* top-header-curve@2x.png */; };
		24B6C5DC15BA0AF700022A4F /* btn-fbconnect-active.png in Resources */ = {isa = PBXBuildFile; fileRef = 24B6C5D615BA0AF700022A4F /* btn-fbconnect-active.png */; };
		24B6C5DD15BA0AF700022A4F /* btn-fbconnect-inactive.png in Resources */ = {isa = PBXBuildFile; fileRef = 24B6C5D715BA0AF700022A4F /* btn-fbconnect-inactive.png */; };
		24B6C5DE15BA0AF700022A4F /* fbconnect-dialog.png in Resources */ = {isa = PBXBuildFile; fileRef = 24B6C5D815BA0AF700022A4F /* fbconnect-dialog.png */; };
		24B6C5DF15BA0AF700022A4F /* light-box-black.png in Resources */ = {isa = PBXBuildFile; fileRef = 24B6C5D915BA0AF700022A4F /* light-box-black.png */; };
		24B6C5E015BA0AF700022A4F /* log-in-bg.png in Resources */ = {isa = PBXBuildFile; fileRef = 24B6C5DA15BA0AF700022A4F /* log-in-bg.png */; };
		24B6C5E115BA0AF700022A4F /* top-header-curve.png in Resources */ = {isa = PBXBuildFile; fileRef = 24B6C5DB15BA0AF700022A4F /* top-header-curve.png */; };
		24B6C5E415BA10DB00022A4F /* btn-fbconnect-logout.png in Resources */ = {isa = PBXBuildFile; fileRef = 24B6C5E215BA10DB00022A4F /* btn-fbconnect-logout.png */; };
		24B6C5E515BA10DB00022A4F /* btn-fbconnect-logout@2x.png in Resources */ = {isa = PBXBuildFile; fileRef = 24B6C5E315BA10DB00022A4F /* btn-fbconnect-logout@2x.png */; };
		24B6C5E815BA126D00022A4F /* ParentPortalViewController.m in Sources */ = {isa = PBXBuildFile; fileRef = 24B6C5E715BA126D00022A4F /* ParentPortalViewController.m */; };
/* End PBXBuildFile section */

/* Begin PBXFileReference section */
		24B6C57C15B9CB6700022A4F /* PiitriSelectionTask.app */ = {isa = PBXFileReference; explicitFileType = wrapper.application; includeInIndex = 0; path = PiitriSelectionTask.app; sourceTree = BUILT_PRODUCTS_DIR; };
		24B6C58015B9CB6700022A4F /* UIKit.framework */ = {isa = PBXFileReference; lastKnownFileType = wrapper.framework; name = UIKit.framework; path = System/Library/Frameworks/UIKit.framework; sourceTree = SDKROOT; };
		24B6C58215B9CB6700022A4F /* Foundation.framework */ = {isa = PBXFileReference; lastKnownFileType = wrapper.framework; name = Foundation.framework; path = System/Library/Frameworks/Foundation.framework; sourceTree = SDKROOT; };
		24B6C58415B9CB6700022A4F /* CoreGraphics.framework */ = {isa = PBXFileReference; lastKnownFileType = wrapper.framework; name = CoreGraphics.framework; path = System/Library/Frameworks/CoreGraphics.framework; sourceTree = SDKROOT; };
		24B6C58815B9CB6700022A4F /* PiitriSelectionTask-Info.plist */ = {isa = PBXFileReference; lastKnownFileType = text.plist.xml; path = "PiitriSelectionTask-Info.plist"; sourceTree = "<group>"; };
		24B6C58A15B9CB6700022A4F /* en */ = {isa = PBXFileReference; lastKnownFileType = text.plist.strings; name = en; path = en.lproj/InfoPlist.strings; sourceTree = "<group>"; };
		24B6C58C15B9CB6700022A4F /* main.m */ = {isa = PBXFileReference; lastKnownFileType = sourcecode.c.objc; path = main.m; sourceTree = "<group>"; };
		24B6C58E15B9CB6700022A4F /* PiitriSelectionTask-Prefix.pch */ = {isa = PBXFileReference; lastKnownFileType = sourcecode.c.h; path = "PiitriSelectionTask-Prefix.pch"; sourceTree = "<group>"; };
		24B6C58F15B9CB6700022A4F /* AppDelegate.h */ = {isa = PBXFileReference; lastKnownFileType = sourcecode.c.h; path = AppDelegate.h; sourceTree = "<group>"; };
		24B6C59015B9CB6700022A4F /* AppDelegate.m */ = {isa = PBXFileReference; lastKnownFileType = sourcecode.c.objc; path = AppDelegate.m; sourceTree = "<group>"; };
		24B6C59315B9CB6700022A4F /* en */ = {isa = PBXFileReference; lastKnownFileType = file.storyboard; name = en; path = en.lproj/MainStoryboard.storyboard; sourceTree = "<group>"; };
		24B6C59515B9CB6700022A4F /* ViewController.h */ = {isa = PBXFileReference; lastKnownFileType = sourcecode.c.h; path = ViewController.h; sourceTree = "<group>"; };
		24B6C59615B9CB6700022A4F /* ViewController.m */ = {isa = PBXFileReference; lastKnownFileType = sourcecode.c.objc; path = ViewController.m; sourceTree = "<group>"; };
		24B6C59D15B9D11A00022A4F /* piitri-logo-iPad.png */ = {isa = PBXFileReference; lastKnownFileType = image.png; path = "piitri-logo-iPad.png"; sourceTree = "<group>"; };
		24B6C5A115B9D5C000022A4F /* piitri-logo-iPad@2x.png */ = {isa = PBXFileReference; lastKnownFileType = image.png; path = "piitri-logo-iPad@2x.png"; sourceTree = "<group>"; };
		24B6C5A815B9D9F200022A4F /* Facebook.h */ = {isa = PBXFileReference; fileEncoding = 4; lastKnownFileType = sourcecode.c.h; path = Facebook.h; sourceTree = "<group>"; };
		24B6C5A915B9D9F200022A4F /* FBConnect.h */ = {isa = PBXFileReference; fileEncoding = 4; lastKnownFileType = sourcecode.c.h; path = FBConnect.h; sourceTree = "<group>"; };
		24B6C5AA15B9D9F200022A4F /* FBDialog.bundle */ = {isa = PBXFileReference; lastKnownFileType = "wrapper.plug-in"; path = FBDialog.bundle; sourceTree = "<group>"; };
		24B6C5AB15B9D9F200022A4F /* FBDialog.h */ = {isa = PBXFileReference; fileEncoding = 4; lastKnownFileType = sourcecode.c.h; path = FBDialog.h; sourceTree = "<group>"; };
		24B6C5AC15B9D9F200022A4F /* FBFrictionlessRequestSettings.h */ = {isa = PBXFileReference; fileEncoding = 4; lastKnownFileType = sourcecode.c.h; path = FBFrictionlessRequestSettings.h; sourceTree = "<group>"; };
		24B6C5AD15B9D9F200022A4F /* FBLoginDialog.h */ = {isa = PBXFileReference; fileEncoding = 4; lastKnownFileType = sourcecode.c.h; path = FBLoginDialog.h; sourceTree = "<group>"; };
		24B6C5AE15B9D9F200022A4F /* FBRequest.h */ = {isa = PBXFileReference; fileEncoding = 4; lastKnownFileType = sourcecode.c.h; path = FBRequest.h; sourceTree = "<group>"; };
		24B6C5AF15B9D9F200022A4F /* JSON.h */ = {isa = PBXFileReference; fileEncoding = 4; lastKnownFileType = sourcecode.c.h; path = JSON.h; sourceTree = "<group>"; };
		24B6C5B015B9D9F200022A4F /* libfacebook_ios_sdk.a */ = {isa = PBXFileReference; lastKnownFileType = archive.ar; path = libfacebook_ios_sdk.a; sourceTree = "<group>"; };
		24B6C5B115B9D9F200022A4F /* NSObject+SBJSON.h */ = {isa = PBXFileReference; fileEncoding = 4; lastKnownFileType = sourcecode.c.h; path = "NSObject+SBJSON.h"; sourceTree = "<group>"; };
		24B6C5B215B9D9F200022A4F /* NSString+SBJSON.h */ = {isa = PBXFileReference; fileEncoding = 4; lastKnownFileType = sourcecode.c.h; path = "NSString+SBJSON.h"; sourceTree = "<group>"; };
		24B6C5B315B9D9F200022A4F /* SBJSON.h */ = {isa = PBXFileReference; fileEncoding = 4; lastKnownFileType = sourcecode.c.h; path = SBJSON.h; sourceTree = "<group>"; };
		24B6C5B415B9D9F200022A4F /* SBJsonBase.h */ = {isa = PBXFileReference; fileEncoding = 4; lastKnownFileType = sourcecode.c.h; path = SBJsonBase.h; sourceTree = "<group>"; };
		24B6C5B515B9D9F200022A4F /* SBJsonParser.h */ = {isa = PBXFileReference; fileEncoding = 4; lastKnownFileType = sourcecode.c.h; path = SBJsonParser.h; sourceTree = "<group>"; };
		24B6C5B615B9D9F200022A4F /* SBJsonWriter.h */ = {isa = PBXFileReference; fileEncoding = 4; lastKnownFileType = sourcecode.c.h; path = SBJsonWriter.h; sourceTree = "<group>"; };
		24B6C5C415B9F71200022A4F /* Facebook+Singleton.h */ = {isa = PBXFileReference; fileEncoding = 4; lastKnownFileType = sourcecode.c.h; path = "Facebook+Singleton.h"; sourceTree = "<group>"; };
		24B6C5C515B9F71200022A4F /* Facebook+Singleton.m */ = {isa = PBXFileReference; fileEncoding = 4; lastKnownFileType = sourcecode.c.objc; path = "Facebook+Singleton.m"; sourceTree = "<group>"; };
		24B6C5C815BA07E200022A4F /* btn-fbconnect-active@2x.png */ = {isa = PBXFileReference; lastKnownFileType = image.png; path = "btn-fbconnect-active@2x.png"; sourceTree = "<group>"; };
		24B6C5C915BA07E200022A4F /* btn-fbconnect-inactive@2x.png */ = {isa = PBXFileReference; lastKnownFileType = image.png; path = "btn-fbconnect-inactive@2x.png"; sourceTree = "<group>"; };
		24B6C5CA15BA07E200022A4F /* fbconnect-dialog@2x.png */ = {isa = PBXFileReference; lastKnownFileType = image.png; path = "fbconnect-dialog@2x.png"; sourceTree = "<group>"; };
		24B6C5CB15BA07E200022A4F /* light-box-black@2x.png */ = {isa = PBXFileReference; lastKnownFileType = image.png; path = "light-box-black@2x.png"; sourceTree = "<group>"; };
		24B6C5CC15BA07E200022A4F /* log-in-bg@2x.png */ = {isa = PBXFileReference; lastKnownFileType = image.png; path = "log-in-bg@2x.png"; sourceTree = "<group>"; };
		24B6C5CD15BA07E200022A4F /* piitri-logo-lg@2x.png */ = {isa = PBXFileReference; lastKnownFileType = image.png; path = "piitri-logo-lg@2x.png"; sourceTree = "<group>"; };
		24B6C5CE15BA07E200022A4F /* top-header-curve@2x.png */ = {isa = PBXFileReference; lastKnownFileType = image.png; path = "top-header-curve@2x.png"; sourceTree = "<group>"; };
		24B6C5D615BA0AF700022A4F /* btn-fbconnect-active.png */ = {isa = PBXFileReference; lastKnownFileType = image.png; path = "btn-fbconnect-active.png"; sourceTree = "<group>"; };
		24B6C5D715BA0AF700022A4F /* btn-fbconnect-inactive.png */ = {isa = PBXFileReference; lastKnownFileType = image.png; path = "btn-fbconnect-inactive.png"; sourceTree = "<group>"; };
		24B6C5D815BA0AF700022A4F /* fbconnect-dialog.png */ = {isa = PBXFileReference; lastKnownFileType = image.png; path = "fbconnect-dialog.png"; sourceTree = "<group>"; };
		24B6C5D915BA0AF700022A4F /* light-box-black.png */ = {isa = PBXFileReference; lastKnownFileType = image.png; path = "light-box-black.png"; sourceTree = "<group>"; };
		24B6C5DA15BA0AF700022A4F /* log-in-bg.png */ = {isa = PBXFileReference; lastKnownFileType = image.png; path = "log-in-bg.png"; sourceTree = "<group>"; };
		24B6C5DB15BA0AF700022A4F /* top-header-curve.png */ = {isa = PBXFileReference; lastKnownFileType = image.png; path = "top-header-curve.png"; sourceTree = "<group>"; };
		24B6C5E215BA10DB00022A4F /* btn-fbconnect-logout.png */ = {isa = PBXFileReference; lastKnownFileType = image.png; path = "btn-fbconnect-logout.png"; sourceTree = "<group>"; };
		24B6C5E315BA10DB00022A4F /* btn-fbconnect-logout@2x.png */ = {isa = PBXFileReference; lastKnownFileType = image.png; path = "btn-fbconnect-logout@2x.png"; sourceTree = "<group>"; };
		24B6C5E615BA126D00022A4F /* ParentPortalViewController.h */ = {isa = PBXFileReference; fileEncoding = 4; lastKnownFileType = sourcecode.c.h; path = ParentPortalViewController.h; sourceTree = "<group>"; };
		24B6C5E715BA126D00022A4F /* ParentPortalViewController.m */ = {isa = PBXFileReference; fileEncoding = 4; lastKnownFileType = sourcecode.c.objc; path = ParentPortalViewController.m; sourceTree = "<group>"; };
/* End PBXFileReference section */

/* Begin PBXFrameworksBuildPhase section */
		24B6C57915B9CB6700022A4F /* Frameworks */ = {
			isa = PBXFrameworksBuildPhase;
			buildActionMask = 2147483647;
			files = (
				24B6C58115B9CB6700022A4F /* UIKit.framework in Frameworks */,
				24B6C58315B9CB6700022A4F /* Foundation.framework in Frameworks */,
				24B6C58515B9CB6700022A4F /* CoreGraphics.framework in Frameworks */,
				24B6C5B815B9D9F200022A4F /* libfacebook_ios_sdk.a in Frameworks */,
			);
			runOnlyForDeploymentPostprocessing = 0;
		};
/* End PBXFrameworksBuildPhase section */

/* Begin PBXGroup section */
		24B6C57115B9CB6700022A4F = {
			isa = PBXGroup;
			children = (
				24B6C5C715BA079100022A4F /* Images */,
				24B6C5A115B9D5C000022A4F /* piitri-logo-iPad@2x.png */,
				24B6C59D15B9D11A00022A4F /* piitri-logo-iPad.png */,
				24B6C58615B9CB6700022A4F /* PiitriSelectionTask */,
				24B6C57F15B9CB6700022A4F /* Frameworks */,
				24B6C57D15B9CB6700022A4F /* Products */,
			);
			sourceTree = "<group>";
		};
		24B6C57D15B9CB6700022A4F /* Products */ = {
			isa = PBXGroup;
			children = (
				24B6C57C15B9CB6700022A4F /* PiitriSelectionTask.app */,
			);
			name = Products;
			sourceTree = "<group>";
		};
		24B6C57F15B9CB6700022A4F /* Frameworks */ = {
			isa = PBXGroup;
			children = (
				24B6C58015B9CB6700022A4F /* UIKit.framework */,
				24B6C58215B9CB6700022A4F /* Foundation.framework */,
				24B6C58415B9CB6700022A4F /* CoreGraphics.framework */,
			);
			name = Frameworks;
			sourceTree = "<group>";
		};
		24B6C58615B9CB6700022A4F /* PiitriSelectionTask */ = {
			isa = PBXGroup;
			children = (
				24B6C5C415B9F71200022A4F /* Facebook+Singleton.h */,
				24B6C5C515B9F71200022A4F /* Facebook+Singleton.m */,
				24B6C58F15B9CB6700022A4F /* AppDelegate.h */,
				24B6C59015B9CB6700022A4F /* AppDelegate.m */,
				24B6C5E615BA126D00022A4F /* ParentPortalViewController.h */,
				24B6C5E715BA126D00022A4F /* ParentPortalViewController.m */,
				24B6C59215B9CB6700022A4F /* MainStoryboard.storyboard */,
				24B6C59515B9CB6700022A4F /* ViewController.h */,
				24B6C59615B9CB6700022A4F /* ViewController.m */,
				24B6C58715B9CB6700022A4F /* Supporting Files */,
			);
			path = PiitriSelectionTask;
			sourceTree = "<group>";
		};
		24B6C58715B9CB6700022A4F /* Supporting Files */ = {
			isa = PBXGroup;
			children = (
				24B6C5A715B9D9F200022A4F /* facebook-ios-sdk */,
				24B6C58815B9CB6700022A4F /* PiitriSelectionTask-Info.plist */,
				24B6C58915B9CB6700022A4F /* InfoPlist.strings */,
				24B6C58C15B9CB6700022A4F /* main.m */,
				24B6C58E15B9CB6700022A4F /* PiitriSelectionTask-Prefix.pch */,
			);
			name = "Supporting Files";
			sourceTree = "<group>";
		};
		24B6C5A715B9D9F200022A4F /* facebook-ios-sdk */ = {
			isa = PBXGroup;
			children = (
				24B6C5A815B9D9F200022A4F /* Facebook.h */,
				24B6C5A915B9D9F200022A4F /* FBConnect.h */,
				24B6C5AA15B9D9F200022A4F /* FBDialog.bundle */,
				24B6C5AB15B9D9F200022A4F /* FBDialog.h */,
				24B6C5AC15B9D9F200022A4F /* FBFrictionlessRequestSettings.h */,
				24B6C5AD15B9D9F200022A4F /* FBLoginDialog.h */,
				24B6C5AE15B9D9F200022A4F /* FBRequest.h */,
				24B6C5AF15B9D9F200022A4F /* JSON.h */,
				24B6C5B015B9D9F200022A4F /* libfacebook_ios_sdk.a */,
				24B6C5B115B9D9F200022A4F /* NSObject+SBJSON.h */,
				24B6C5B215B9D9F200022A4F /* NSString+SBJSON.h */,
				24B6C5B315B9D9F200022A4F /* SBJSON.h */,
				24B6C5B415B9D9F200022A4F /* SBJsonBase.h */,
				24B6C5B515B9D9F200022A4F /* SBJsonParser.h */,
				24B6C5B615B9D9F200022A4F /* SBJsonWriter.h */,
			);
			path = "facebook-ios-sdk";
			sourceTree = "<group>";
		};
		24B6C5C715BA079100022A4F /* Images */ = {
			isa = PBXGroup;
			children = (
				24B6C5E215BA10DB00022A4F /* btn-fbconnect-logout.png */,
				24B6C5E315BA10DB00022A4F /* btn-fbconnect-logout@2x.png */,
				24B6C5D615BA0AF700022A4F /* btn-fbconnect-active.png */,
				24B6C5D715BA0AF700022A4F /* btn-fbconnect-inactive.png */,
				24B6C5D815BA0AF700022A4F /* fbconnect-dialog.png */,
				24B6C5D915BA0AF700022A4F /* light-box-black.png */,
				24B6C5DA15BA0AF700022A4F /* log-in-bg.png */,
				24B6C5DB15BA0AF700022A4F /* top-header-curve.png */,
				24B6C5C815BA07E200022A4F /* btn-fbconnect-active@2x.png */,
				24B6C5C915BA07E200022A4F /* btn-fbconnect-inactive@2x.png */,
				24B6C5CA15BA07E200022A4F /* fbconnect-dialog@2x.png */,
				24B6C5CB15BA07E200022A4F /* light-box-black@2x.png */,
				24B6C5CC15BA07E200022A4F /* log-in-bg@2x.png */,
				24B6C5CD15BA07E200022A4F /* piitri-logo-lg@2x.png */,
				24B6C5CE15BA07E200022A4F /* top-header-curve@2x.png */,
			);
			name = Images;
			sourceTree = "<group>";
		};
/* End PBXGroup section */

/* Begin PBXNativeTarget section */
		24B6C57B15B9CB6700022A4F /* PiitriSelectionTask */ = {
			isa = PBXNativeTarget;
			buildConfigurationList = 24B6C59A15B9CB6700022A4F /* Build configuration list for PBXNativeTarget "PiitriSelectionTask" */;
			buildPhases = (
				24B6C57815B9CB6700022A4F /* Sources */,
				24B6C57915B9CB6700022A4F /* Frameworks */,
				24B6C57A15B9CB6700022A4F /* Resources */,
			);
			buildRules = (
			);
			dependencies = (
			);
			name = PiitriSelectionTask;
			productName = PiitriSelectionTask;
			productReference = 24B6C57C15B9CB6700022A4F /* PiitriSelectionTask.app */;
			productType = "com.apple.product-type.application";
		};
/* End PBXNativeTarget section */

/* Begin PBXProject section */
		24B6C57315B9CB6700022A4F /* Project object */ = {
			isa = PBXProject;
			attributes = {
				LastUpgradeCheck = 0430;
				ORGANIZATIONNAME = "LSR Marketing Service";
			};
			buildConfigurationList = 24B6C57615B9CB6700022A4F /* Build configuration list for PBXProject "PiitriSelectionTask" */;
			compatibilityVersion = "Xcode 3.2";
			developmentRegion = English;
			hasScannedForEncodings = 0;
			knownRegions = (
				en,
			);
			mainGroup = 24B6C57115B9CB6700022A4F;
			productRefGroup = 24B6C57D15B9CB6700022A4F /* Products */;
			projectDirPath = "";
			projectRoot = "";
			targets = (
				24B6C57B15B9CB6700022A4F /* PiitriSelectionTask */,
			);
		};
/* End PBXProject section */

/* Begin PBXResourcesBuildPhase section */
		24B6C57A15B9CB6700022A4F /* Resources */ = {
			isa = PBXResourcesBuildPhase;
			buildActionMask = 2147483647;
			files = (
				24B6C58B15B9CB6700022A4F /* InfoPlist.strings in Resources */,
				24B6C59415B9CB6700022A4F /* MainStoryboard.storyboard in Resources */,
				24B6C59E15B9D11A00022A4F /* piitri-logo-iPad.png in Resources */,
				24B6C5A215B9D5C000022A4F /* piitri-logo-iPad@2x.png in Resources */,
				24B6C5B715B9D9F200022A4F /* FBDialog.bundle in Resources */,
				24B6C5CF15BA07E200022A4F /* btn-fbconnect-active@2x.png in Resources */,
				24B6C5D015BA07E200022A4F /* btn-fbconnect-inactive@2x.png in Resources */,
				24B6C5D115BA07E200022A4F /* fbconnect-dialog@2x.png in Resources */,
				24B6C5D215BA07E200022A4F /* light-box-black@2x.png in Resources */,
				24B6C5D315BA07E200022A4F /* log-in-bg@2x.png in Resources */,
				24B6C5D415BA07E200022A4F /* piitri-logo-lg@2x.png in Resources */,
				24B6C5D515BA07E200022A4F /* top-header-curve@2x.png in Resources */,
				24B6C5DC15BA0AF700022A4F /* btn-fbconnect-active.png in Resources */,
				24B6C5DD15BA0AF700022A4F /* btn-fbconnect-inactive.png in Resources */,
				24B6C5DE15BA0AF700022A4F /* fbconnect-dialog.png in Resources */,
				24B6C5DF15BA0AF700022A4F /* light-box-black.png in Resources */,
				24B6C5E015BA0AF700022A4F /* log-in-bg.png in Resources */,
				24B6C5E115BA0AF700022A4F /* top-header-curve.png in Resources */,
				24B6C5E415BA10DB00022A4F /* btn-fbconnect-logout.png in Resources */,
				24B6C5E515BA10DB00022A4F /* btn-fbconnect-logout@2x.png in Resources */,
			);
			runOnlyForDeploymentPostprocessing = 0;
		};
/* End PBXResourcesBuildPhase section */

/* Begin PBXSourcesBuildPhase section */
		24B6C57815B9CB6700022A4F /* Sources */ = {
			isa = PBXSourcesBuildPhase;
			buildActionMask = 2147483647;
			files = (
				24B6C58D15B9CB6700022A4F /* main.m in Sources */,
				24B6C59115B9CB6700022A4F /* AppDelegate.m in Sources */,
				24B6C59715B9CB6700022A4F /* ViewController.m in Sources */,
				24B6C5C615B9F71200022A4F /* Facebook+Singleton.m in Sources */,
				24B6C5E815BA126D00022A4F /* ParentPortalViewController.m in Sources */,
			);
			runOnlyForDeploymentPostprocessing = 0;
		};
/* End PBXSourcesBuildPhase section */

/* Begin PBXVariantGroup section */
		24B6C58915B9CB6700022A4F /* InfoPlist.strings */ = {
			isa = PBXVariantGroup;
			children = (
				24B6C58A15B9CB6700022A4F /* en */,
			);
			name = InfoPlist.strings;
			sourceTree = "<group>";
		};
		24B6C59215B9CB6700022A4F /* MainStoryboard.storyboard */ = {
			isa = PBXVariantGroup;
			children = (
				24B6C59315B9CB6700022A4F /* en */,
			);
			name = MainStoryboard.storyboard;
			sourceTree = "<group>";
		};
/* End PBXVariantGroup section */

/* Begin XCBuildConfiguration section */
		24B6C59815B9CB6700022A4F /* Debug */ = {
			isa = XCBuildConfiguration;
			buildSettings = {
				ALWAYS_SEARCH_USER_PATHS = NO;
				ARCHS = "$(ARCHS_STANDARD_32_BIT)";
				CLANG_ENABLE_OBJC_ARC = YES;
				"CODE_SIGN_IDENTITY[sdk=iphoneos*]" = "iPhone Developer";
				COPY_PHASE_STRIP = NO;
				GCC_C_LANGUAGE_STANDARD = gnu99;
				GCC_DYNAMIC_NO_PIC = NO;
				GCC_OPTIMIZATION_LEVEL = 0;
				GCC_PREPROCESSOR_DEFINITIONS = (
					"DEBUG=1",
					"$(inherited)",
				);
				GCC_SYMBOLS_PRIVATE_EXTERN = NO;
				GCC_VERSION = com.apple.compilers.llvm.clang.1_0;
				GCC_WARN_ABOUT_RETURN_TYPE = YES;
				GCC_WARN_UNINITIALIZED_AUTOS = YES;
				GCC_WARN_UNUSED_VARIABLE = YES;
				IPHONEOS_DEPLOYMENT_TARGET = 5.1;
				SDKROOT = iphoneos;
				TARGETED_DEVICE_FAMILY = 2;
			};
			name = Debug;
		};
		24B6C59915B9CB6700022A4F /* Release */ = {
			isa = XCBuildConfiguration;
			buildSettings = {
				ALWAYS_SEARCH_USER_PATHS = NO;
				ARCHS = "$(ARCHS_STANDARD_32_BIT)";
				CLANG_ENABLE_OBJC_ARC = YES;
				"CODE_SIGN_IDENTITY[sdk=iphoneos*]" = "iPhone Developer";
				COPY_PHASE_STRIP = YES;
				GCC_C_LANGUAGE_STANDARD = gnu99;
				GCC_VERSION = com.apple.compilers.llvm.clang.1_0;
				GCC_WARN_ABOUT_RETURN_TYPE = YES;
				GCC_WARN_UNINITIALIZED_AUTOS = YES;
				GCC_WARN_UNUSED_VARIABLE = YES;
				IPHONEOS_DEPLOYMENT_TARGET = 5.1;
				OTHER_CFLAGS = "-DNS_BLOCK_ASSERTIONS=1";
				SDKROOT = iphoneos;
				TARGETED_DEVICE_FAMILY = 2;
				VALIDATE_PRODUCT = YES;
			};
			name = Release;
		};
		24B6C59B15B9CB6700022A4F /* Debug */ = {
			isa = XCBuildConfiguration;
			buildSettings = {
				GCC_PRECOMPILE_PREFIX_HEADER = YES;
				GCC_PREFIX_HEADER = "PiitriSelectionTask/PiitriSelectionTask-Prefix.pch";
				INFOPLIST_FILE = "PiitriSelectionTask/PiitriSelectionTask-Info.plist";
				LIBRARY_SEARCH_PATHS = (
					"$(inherited)",
					"\"$(SRCROOT)/PiitriSelectionTask/facebook-ios-sdk\"",
				);
				PRODUCT_NAME = "$(TARGET_NAME)";
				WRAPPER_EXTENSION = app;
			};
			name = Debug;
		};
		24B6C59C15B9CB6700022A4F /* Release */ = {
			isa = XCBuildConfiguration;
			buildSettings = {
				GCC_PRECOMPILE_PREFIX_HEADER = YES;
				GCC_PREFIX_HEADER = "PiitriSelectionTask/PiitriSelectionTask-Prefix.pch";
				INFOPLIST_FILE = "PiitriSelectionTask/PiitriSelectionTask-Info.plist";
				LIBRARY_SEARCH_PATHS = (
					"$(inherited)",
					"\"$(SRCROOT)/PiitriSelectionTask/facebook-ios-sdk\"",
				);
				PRODUCT_NAME = "$(TARGET_NAME)";
				WRAPPER_EXTENSION = app;
			};
			name = Release;
		};
/* End XCBuildConfiguration section */

/* Begin XCConfigurationList section */
		24B6C57615B9CB6700022A4F /* Build configuration list for PBXProject "PiitriSelectionTask" */ = {
			isa = XCConfigurationList;
			buildConfigurations = (
				24B6C59815B9CB6700022A4F /* Debug */,
				24B6C59915B9CB6700022A4F /* Release */,
			);
			defaultConfigurationIsVisible = 0;
			defaultConfigurationName = Release;
		};
		24B6C59A15B9CB6700022A4F /* Build configuration list for PBXNativeTarget "PiitriSelectionTask" */ = {
			isa = XCConfigurationList;
			buildConfigurations = (
				24B6C59B15B9CB6700022A4F /* Debug */,
				24B6C59C15B9CB6700022A4F /* Release */,
			);
			defaultConfigurationIsVisible = 0;
		};
/* End XCConfigurationList section */
	};
	rootObject = 24B6C57315B9CB6700022A4F /* Project object */;
}
